<?xml version="1.0" encoding="utf-8"?>
<Project ToolsVersion="4.0" xmlns="http://schemas.microsoft.com/developer/msbuild/2003">
  <ItemGroup>
    <Filter Include="audio">
      <UniqueIdentifier>{e024238e-4fff-4833-8652-ca5350b294a4}</UniqueIdentifier>
    </Filter>
    <Filter Include="main">
      <UniqueIdentifier>{421dd8e5-7ce0-4d41-a049-87d20d526997}</UniqueIdentifier>
    </Filter>
    <Filter Include="util">
      <UniqueIdentifier>{f2ddd2f9-dc5e-4d01-8882-88ec480db088}</UniqueIdentifier>
    </Filter>
    <Filter Include="graphics">
      <UniqueIdentifier>{f10cf769-63ee-49fb-a40a-6d6b487e92c1}</UniqueIdentifier>
    </Filter>
    <Filter Include="input">
      <UniqueIdentifier>{d3631413-69e7-4667-99a1-20470f58e041}</UniqueIdentifier>
    </Filter>
  </ItemGroup>
  <ItemGroup>
    <ClCompile Include="audio\audio.cpp">
      <Filter>audio</Filter>
    </ClCompile>
    <ClCompile Include="audio\SDKwavefile.cpp">
      <Filter>audio</Filter>
    </ClCompile>
    <ClCompile Include="main\winmain.cpp">
      <Filter>main</Filter>
    </ClCompile>
    <ClCompile Include="graphics\graphics.cpp">
      <Filter>graphics</Filter>
    </ClCompile>
    <ClCompile Include="util\debug.cpp">
      <Filter>util</Filter>
    </ClCompile>
    <ClCompile Include="input\input.cpp">
      <Filter>input</Filter>
    </ClCompile>
    <ClCompile Include="main\game.cpp">
      <Filter>main</Filter>
    </ClCompile>
    <ClCompile Include="graphics\printableObject.cpp">
      <Filter>graphics</Filter>
    </ClCompile>
  </ItemGroup>
  <ItemGroup>
    <ClInclude Include="audio\audio.h">
      <Filter>audio</Filter>
    </ClInclude>
    <ClInclude Include="audio\SDKwavefile.h">
      <Filter>audio</Filter>
    </ClInclude>
    <ClInclude Include="main\includes.h">
      <Filter>main</Filter>
    </ClInclude>
    <ClInclude Include="graphics\graphics.h">
      <Filter>graphics</Filter>
    </ClInclude>
    <ClInclude Include="util\debug.h">
      <Filter>util</Filter>
    </ClInclude>
    <ClInclude Include="main\game.h">
      <Filter>main</Filter>
    </ClInclude>
    <ClInclude Include="input\input.h">
      <Filter>input</Filter>
    </ClInclude>
    <ClInclude Include="graphics\printableObject.h">
      <Filter>graphics</Filter>
    </ClInclude>
  </ItemGroup>
</Project>